
Microsoft Visual Studio Solution File, Format Version 12.00
# Visual Studio 15
VisualStudioVersion = 15.0.28307.168
MinimumVisualStudioVersion = 10.0.40219.1
Project("{FAE04EC0-301F-11D3-BF4B-00C04F79EFBC}") = "KrisMyAss", "KrisMyAss.csproj", "{AD818C71-2ABA-4E9F-8FD4-0A382C59E79E}"
EndProject
Global
	GlobalSection(SolutionConfigurationPlatforms) = preSolution
		Debug|Any CPU = Debug|Any CPU
		Release|Any CPU = Release|Any CPU
	EndGlobalSection
	GlobalSection(ProjectConfigurationPlatforms) = postSolution
		{AD818C71-2ABA-4E9F-8FD4-0A382C59E79E}.Debug|Any CPU.ActiveCfg = Debug|Any CPU
		{AD818C71-2ABA-4E9F-8FD4-0A382C59E79E}.Debug|Any CPU.Build.0 = Debug|Any CPU
		{AD818C71-2ABA-4E9F-8FD4-0A382C59E79E}.Release|Any CPU.ActiveCfg = Release|Any CPU
		{AD818C71-2ABA-4E9F-8FD4-0A382C59E79E}.Release|Any CPU.Build.0 = Release|Any CPU
	EndGlobalSection
	GlobalSection(SolutionProperties) = preSolution
		HideSolutionNode = FALSE
	EndGlobalSection
	GlobalSection(ExtensibilityGlobals) = postSolution
		SolutionGuid = {98133861-000C-4E62-90A3-835876E66F06}
	EndGlobalSection
EndGlobal
